// !$*UTF8*$!
{
	archiveVersion = 1;
	classes = {
	};
	objectVersion = 46;
	objects = {

/* Begin PBXBuildFile section */
		22C0D43818D3FA7D00A21A5C /* SPLModalNavigationBar.m in Sources */ = {isa = PBXBuildFile; fileRef = 22C0D43718D3FA7D00A21A5C /* SPLModalNavigationBar.m */; };
		22C0D43B18D3FD5100A21A5C /* SPLModalNavigationController.m in Sources */ = {isa = PBXBuildFile; fileRef = 22C0D43A18D3FD5100A21A5C /* SPLModalNavigationController.m */; };
		22C0D43E18D3FDE800A21A5C /* SPLNavigationController.m in Sources */ = {isa = PBXBuildFile; fileRef = 22C0D43D18D3FDE800A21A5C /* SPLNavigationController.m */; };
		22C0D44118D53AD800A21A5C /* SPLTableSectionHeaderView.m in Sources */ = {isa = PBXBuildFile; fileRef = 22C0D44018D53AD800A21A5C /* SPLTableSectionHeaderView.m */; };
		22C0D44418D53DE300A21A5C /* UILabel+Appearance.m in Sources */ = {isa = PBXBuildFile; fileRef = 22C0D44318D53DE300A21A5C /* UILabel+Appearance.m */; };
		22E2153318D3E1E4007C7999 /* SPLAppearance.m in Sources */ = {isa = PBXBuildFile; fileRef = 22E2153218D3E1E4007C7999 /* SPLAppearance.m */; };
		22E2153618D3E385007C7999 /* UIButton+Appearance.m in Sources */ = {isa = PBXBuildFile; fileRef = 22E2153518D3E385007C7999 /* UIButton+Appearance.m */; };
		62AE763519384A4694EE3A00 /* libPods.a in Frameworks */ = {isa = PBXBuildFile; fileRef = 62C4D3A5D13A469684354E4F /* libPods.a */; };
		6BC3BC8A18EFA7E5005806A4 /* SPLSelectFieldViewController.m in Sources */ = {isa = PBXBuildFile; fileRef = 6BC3BC8918EFA7E5005806A4 /* SPLSelectFieldViewController.m */; };
		6BE7A9AD18CAA10E008D49C9 /* SPLSelectCountryViewController.m in Sources */ = {isa = PBXBuildFile; fileRef = 6BE7A9AC18CAA10E008D49C9 /* SPLSelectCountryViewController.m */; };
		6BE7A9B018CAF84D008D49C9 /* SPLSettingsViewController.m in Sources */ = {isa = PBXBuildFile; fileRef = 6BE7A9AF18CAF84D008D49C9 /* SPLSettingsViewController.m */; };
		6BE7A9B318CB0105008D49C9 /* SPLCountry.m in Sources */ = {isa = PBXBuildFile; fileRef = 6BE7A9B218CB0105008D49C9 /* SPLCountry.m */; };
		6BE7A9B618CBC247008D49C9 /* SPLSkiField.m in Sources */ = {isa = PBXBuildFile; fileRef = 6BE7A9B518CBC247008D49C9 /* SPLSkiField.m */; };
		6BE9571A18EF5C52003D9B7A /* SPLSpacesFreeViewController.m in Sources */ = {isa = PBXBuildFile; fileRef = 6BE9571918EF5C52003D9B7A /* SPLSpacesFreeViewController.m */; };
		6BE9571D18EF7DF5003D9B7A /* SPLSelectDateViewController.m in Sources */ = {isa = PBXBuildFile; fileRef = 6BE9571C18EF7DF5003D9B7A /* SPLSelectDateViewController.m */; };
		6BF916421901BDFA001635F2 /* NSDictionary+NullValues.m in Sources */ = {isa = PBXBuildFile; fileRef = 6BF916411901BDFA001635F2 /* NSDictionary+NullValues.m */; };
		EA68B44918CA71C30048CE7C /* Foundation.framework in Frameworks */ = {isa = PBXBuildFile; fileRef = EA68B44818CA71C30048CE7C /* Foundation.framework */; };
		EA68B44B18CA71C30048CE7C /* CoreGraphics.framework in Frameworks */ = {isa = PBXBuildFile; fileRef = EA68B44A18CA71C30048CE7C /* CoreGraphics.framework */; };
		EA68B44D18CA71C30048CE7C /* UIKit.framework in Frameworks */ = {isa = PBXBuildFile; fileRef = EA68B44C18CA71C30048CE7C /* UIKit.framework */; };
		EA68B45318CA71C30048CE7C /* InfoPlist.strings in Resources */ = {isa = PBXBuildFile; fileRef = EA68B45118CA71C30048CE7C /* InfoPlist.strings */; };
		EA68B45518CA71C30048CE7C /* main.m in Sources */ = {isa = PBXBuildFile; fileRef = EA68B45418CA71C30048CE7C /* main.m */; };
		EA68B45918CA71C30048CE7C /* SPLAppDelegate.m in Sources */ = {isa = PBXBuildFile; fileRef = EA68B45818CA71C30048CE7C /* SPLAppDelegate.m */; };
		EA68B45B18CA71C30048CE7C /* Images.xcassets in Resources */ = {isa = PBXBuildFile; fileRef = EA68B45A18CA71C30048CE7C /* Images.xcassets */; };
		EA68B46218CA71C30048CE7C /* XCTest.framework in Frameworks */ = {isa = PBXBuildFile; fileRef = EA68B46118CA71C30048CE7C /* XCTest.framework */; };
		EA68B46318CA71C30048CE7C /* Foundation.framework in Frameworks */ = {isa = PBXBuildFile; fileRef = EA68B44818CA71C30048CE7C /* Foundation.framework */; };
		EA68B46418CA71C30048CE7C /* UIKit.framework in Frameworks */ = {isa = PBXBuildFile; fileRef = EA68B44C18CA71C30048CE7C /* UIKit.framework */; };
		EA68B46C18CA71C30048CE7C /* InfoPlist.strings in Resources */ = {isa = PBXBuildFile; fileRef = EA68B46A18CA71C30048CE7C /* InfoPlist.strings */; };
		EA68B46E18CA71C30048CE7C /* SnowpoolTests.m in Sources */ = {isa = PBXBuildFile; fileRef = EA68B46D18CA71C30048CE7C /* SnowpoolTests.m */; };
		EA68B47D18CA7A5B0048CE7C /* MainStoryboard.storyboard in Resources */ = {isa = PBXBuildFile; fileRef = EA68B47C18CA7A5B0048CE7C /* MainStoryboard.storyboard */; };
		EA68B48018CA7ACB0048CE7C /* SPLDashboardViewController.m in Sources */ = {isa = PBXBuildFile; fileRef = EA68B47F18CA7ACB0048CE7C /* SPLDashboardViewController.m */; };
		EA68B48618CA844D0048CE7C /* SPLCarpoolViewController.m in Sources */ = {isa = PBXBuildFile; fileRef = EA68B48518CA844D0048CE7C /* SPLCarpoolViewController.m */; };
		EA68B48918CA88D00048CE7C /* SPLSendMessageViewController.m in Sources */ = {isa = PBXBuildFile; fileRef = EA68B48818CA88D00048CE7C /* SPLSendMessageViewController.m */; };
		EA68B49218CAAEBA0048CE7C /* SPLUserDefaults.m in Sources */ = {isa = PBXBuildFile; fileRef = EA68B49118CAAEBA0048CE7C /* SPLUserDefaults.m */; };
		EA68B49518CAEFC90048CE7C /* SPLSignInViewController.m in Sources */ = {isa = PBXBuildFile; fileRef = EA68B49418CAEFC90048CE7C /* SPLSignInViewController.m */; };
		EA68B49818CAF2C10048CE7C /* SPLRoundedButton.m in Sources */ = {isa = PBXBuildFile; fileRef = EA68B49718CAF2C10048CE7C /* SPLRoundedButton.m */; };
		EA68B49C18CB0FE80048CE7C /* RSSecrets.m in Sources */ = {isa = PBXBuildFile; fileRef = EA68B49B18CB0FE80048CE7C /* RSSecrets.m */; };
		EA68B49F18CB11BF0048CE7C /* SPLUser.m in Sources */ = {isa = PBXBuildFile; fileRef = EA68B49E18CB11BF0048CE7C /* SPLUser.m */; };
		EA68B4A218CB14560048CE7C /* SPLAddCarpoolViewController.m in Sources */ = {isa = PBXBuildFile; fileRef = EA68B4A118CB14560048CE7C /* SPLAddCarpoolViewController.m */; };
		EA68B4ED18CBCE310048CE7C /* SPLCarpoolService.m in Sources */ = {isa = PBXBuildFile; fileRef = EA68B4EC18CBCE310048CE7C /* SPLCarpoolService.m */; };
		EA68B4F018CBCE460048CE7C /* SPLAuthService.m in Sources */ = {isa = PBXBuildFile; fileRef = EA68B4EF18CBCE460048CE7C /* SPLAuthService.m */; };
		EA68B4F318CBD0630048CE7C /* SPLCarpool.m in Sources */ = {isa = PBXBuildFile; fileRef = EA68B4F218CBD0630048CE7C /* SPLCarpool.m */; };
		EA7ECAF6190EF90E0009D725 /* SPLAnalytics.m in Sources */ = {isa = PBXBuildFile; fileRef = EA7ECAF5190EF90E0009D725 /* SPLAnalytics.m */; };
/* End PBXBuildFile section */

/* Begin PBXContainerItemProxy section */
		EA68B46518CA71C30048CE7C /* PBXContainerItemProxy */ = {
			isa = PBXContainerItemProxy;
			containerPortal = EA68B43D18CA71C30048CE7C /* Project object */;
			proxyType = 1;
			remoteGlobalIDString = EA68B44418CA71C30048CE7C;
			remoteInfo = Snowpool;
		};
/* End PBXContainerItemProxy section */

/* Begin PBXFileReference section */
		22C0D43618D3FA7D00A21A5C /* SPLModalNavigationBar.h */ = {isa = PBXFileReference; fileEncoding = 4; lastKnownFileType = sourcecode.c.h; path = SPLModalNavigationBar.h; sourceTree = "<group>"; };
		22C0D43718D3FA7D00A21A5C /* SPLModalNavigationBar.m */ = {isa = PBXFileReference; fileEncoding = 4; lastKnownFileType = sourcecode.c.objc; path = SPLModalNavigationBar.m; sourceTree = "<group>"; };
		22C0D43918D3FD5100A21A5C /* SPLModalNavigationController.h */ = {isa = PBXFileReference; fileEncoding = 4; lastKnownFileType = sourcecode.c.h; path = SPLModalNavigationController.h; sourceTree = "<group>"; };
		22C0D43A18D3FD5100A21A5C /* SPLModalNavigationController.m */ = {isa = PBXFileReference; fileEncoding = 4; lastKnownFileType = sourcecode.c.objc; path = SPLModalNavigationController.m; sourceTree = "<group>"; };
		22C0D43C18D3FDE800A21A5C /* SPLNavigationController.h */ = {isa = PBXFileReference; fileEncoding = 4; lastKnownFileType = sourcecode.c.h; path = SPLNavigationController.h; sourceTree = "<group>"; };
		22C0D43D18D3FDE800A21A5C /* SPLNavigationController.m */ = {isa = PBXFileReference; fileEncoding = 4; lastKnownFileType = sourcecode.c.objc; path = SPLNavigationController.m; sourceTree = "<group>"; };
		22C0D43F18D53AD800A21A5C /* SPLTableSectionHeaderView.h */ = {isa = PBXFileReference; fileEncoding = 4; lastKnownFileType = sourcecode.c.h; path = SPLTableSectionHeaderView.h; sourceTree = "<group>"; };
		22C0D44018D53AD800A21A5C /* SPLTableSectionHeaderView.m */ = {isa = PBXFileReference; fileEncoding = 4; lastKnownFileType = sourcecode.c.objc; path = SPLTableSectionHeaderView.m; sourceTree = "<group>"; };
		22C0D44218D53DE300A21A5C /* UILabel+Appearance.h */ = {isa = PBXFileReference; fileEncoding = 4; lastKnownFileType = sourcecode.c.h; path = "UILabel+Appearance.h"; sourceTree = "<group>"; };
		22C0D44318D53DE300A21A5C /* UILabel+Appearance.m */ = {isa = PBXFileReference; fileEncoding = 4; lastKnownFileType = sourcecode.c.objc; path = "UILabel+Appearance.m"; sourceTree = "<group>"; };
		22E2153118D3E1E4007C7999 /* SPLAppearance.h */ = {isa = PBXFileReference; fileEncoding = 4; lastKnownFileType = sourcecode.c.h; path = SPLAppearance.h; sourceTree = "<group>"; };
		22E2153218D3E1E4007C7999 /* SPLAppearance.m */ = {isa = PBXFileReference; fileEncoding = 4; lastKnownFileType = sourcecode.c.objc; path = SPLAppearance.m; sourceTree = "<group>"; };
		22E2153418D3E385007C7999 /* UIButton+Appearance.h */ = {isa = PBXFileReference; fileEncoding = 4; lastKnownFileType = sourcecode.c.h; path = "UIButton+Appearance.h"; sourceTree = "<group>"; };
		22E2153518D3E385007C7999 /* UIButton+Appearance.m */ = {isa = PBXFileReference; fileEncoding = 4; lastKnownFileType = sourcecode.c.objc; path = "UIButton+Appearance.m"; sourceTree = "<group>"; };
		3221251ADB0E4812974ACEAA /* Pods.xcconfig */ = {isa = PBXFileReference; includeInIndex = 1; lastKnownFileType = text.xcconfig; name = Pods.xcconfig; path = Pods/Pods.xcconfig; sourceTree = "<group>"; };
		62C4D3A5D13A469684354E4F /* libPods.a */ = {isa = PBXFileReference; explicitFileType = archive.ar; includeInIndex = 0; path = libPods.a; sourceTree = BUILT_PRODUCTS_DIR; };
		6BC3BC8818EFA7E5005806A4 /* SPLSelectFieldViewController.h */ = {isa = PBXFileReference; fileEncoding = 4; lastKnownFileType = sourcecode.c.h; path = SPLSelectFieldViewController.h; sourceTree = "<group>"; };
		6BC3BC8918EFA7E5005806A4 /* SPLSelectFieldViewController.m */ = {isa = PBXFileReference; fileEncoding = 4; lastKnownFileType = sourcecode.c.objc; path = SPLSelectFieldViewController.m; sourceTree = "<group>"; };
		6BE7A9AB18CAA10E008D49C9 /* SPLSelectCountryViewController.h */ = {isa = PBXFileReference; fileEncoding = 4; lastKnownFileType = sourcecode.c.h; path = SPLSelectCountryViewController.h; sourceTree = "<group>"; };
		6BE7A9AC18CAA10E008D49C9 /* SPLSelectCountryViewController.m */ = {isa = PBXFileReference; fileEncoding = 4; lastKnownFileType = sourcecode.c.objc; path = SPLSelectCountryViewController.m; sourceTree = "<group>"; };
		6BE7A9AE18CAF84D008D49C9 /* SPLSettingsViewController.h */ = {isa = PBXFileReference; fileEncoding = 4; lastKnownFileType = sourcecode.c.h; path = SPLSettingsViewController.h; sourceTree = "<group>"; };
		6BE7A9AF18CAF84D008D49C9 /* SPLSettingsViewController.m */ = {isa = PBXFileReference; fileEncoding = 4; lastKnownFileType = sourcecode.c.objc; path = SPLSettingsViewController.m; sourceTree = "<group>"; };
		6BE7A9B118CB0105008D49C9 /* SPLCountry.h */ = {isa = PBXFileReference; fileEncoding = 4; lastKnownFileType = sourcecode.c.h; path = SPLCountry.h; sourceTree = "<group>"; };
		6BE7A9B218CB0105008D49C9 /* SPLCountry.m */ = {isa = PBXFileReference; fileEncoding = 4; lastKnownFileType = sourcecode.c.objc; path = SPLCountry.m; sourceTree = "<group>"; };
		6BE7A9B418CBC247008D49C9 /* SPLSkiField.h */ = {isa = PBXFileReference; fileEncoding = 4; lastKnownFileType = sourcecode.c.h; path = SPLSkiField.h; sourceTree = "<group>"; };
		6BE7A9B518CBC247008D49C9 /* SPLSkiField.m */ = {isa = PBXFileReference; fileEncoding = 4; lastKnownFileType = sourcecode.c.objc; path = SPLSkiField.m; sourceTree = "<group>"; };
		6BE9571818EF5C52003D9B7A /* SPLSpacesFreeViewController.h */ = {isa = PBXFileReference; fileEncoding = 4; lastKnownFileType = sourcecode.c.h; path = SPLSpacesFreeViewController.h; sourceTree = "<group>"; };
		6BE9571918EF5C52003D9B7A /* SPLSpacesFreeViewController.m */ = {isa = PBXFileReference; fileEncoding = 4; lastKnownFileType = sourcecode.c.objc; path = SPLSpacesFreeViewController.m; sourceTree = "<group>"; };
		6BE9571B18EF7DF5003D9B7A /* SPLSelectDateViewController.h */ = {isa = PBXFileReference; fileEncoding = 4; lastKnownFileType = sourcecode.c.h; path = SPLSelectDateViewController.h; sourceTree = "<group>"; };
		6BE9571C18EF7DF5003D9B7A /* SPLSelectDateViewController.m */ = {isa = PBXFileReference; fileEncoding = 4; lastKnownFileType = sourcecode.c.objc; path = SPLSelectDateViewController.m; sourceTree = "<group>"; };
		6BF916401901BDFA001635F2 /* NSDictionary+NullValues.h */ = {isa = PBXFileReference; fileEncoding = 4; lastKnownFileType = sourcecode.c.h; path = "NSDictionary+NullValues.h"; sourceTree = "<group>"; };
		6BF916411901BDFA001635F2 /* NSDictionary+NullValues.m */ = {isa = PBXFileReference; fileEncoding = 4; lastKnownFileType = sourcecode.c.objc; path = "NSDictionary+NullValues.m"; sourceTree = "<group>"; };
		EA68B44518CA71C30048CE7C /* Snowpool.app */ = {isa = PBXFileReference; explicitFileType = wrapper.application; includeInIndex = 0; path = Snowpool.app; sourceTree = BUILT_PRODUCTS_DIR; };
		EA68B44818CA71C30048CE7C /* Foundation.framework */ = {isa = PBXFileReference; lastKnownFileType = wrapper.framework; name = Foundation.framework; path = System/Library/Frameworks/Foundation.framework; sourceTree = SDKROOT; };
		EA68B44A18CA71C30048CE7C /* CoreGraphics.framework */ = {isa = PBXFileReference; lastKnownFileType = wrapper.framework; name = CoreGraphics.framework; path = System/Library/Frameworks/CoreGraphics.framework; sourceTree = SDKROOT; };
		EA68B44C18CA71C30048CE7C /* UIKit.framework */ = {isa = PBXFileReference; lastKnownFileType = wrapper.framework; name = UIKit.framework; path = System/Library/Frameworks/UIKit.framework; sourceTree = SDKROOT; };
		EA68B45018CA71C30048CE7C /* Snowpool-Info.plist */ = {isa = PBXFileReference; lastKnownFileType = text.plist.xml; path = "Snowpool-Info.plist"; sourceTree = "<group>"; };
		EA68B45218CA71C30048CE7C /* en */ = {isa = PBXFileReference; lastKnownFileType = text.plist.strings; name = en; path = en.lproj/InfoPlist.strings; sourceTree = "<group>"; };
		EA68B45418CA71C30048CE7C /* main.m */ = {isa = PBXFileReference; lastKnownFileType = sourcecode.c.objc; path = main.m; sourceTree = "<group>"; };
		EA68B45618CA71C30048CE7C /* Snowpool-Prefix.pch */ = {isa = PBXFileReference; lastKnownFileType = sourcecode.c.h; path = "Snowpool-Prefix.pch"; sourceTree = "<group>"; };
		EA68B45718CA71C30048CE7C /* SPLAppDelegate.h */ = {isa = PBXFileReference; lastKnownFileType = sourcecode.c.h; path = SPLAppDelegate.h; sourceTree = "<group>"; };
		EA68B45818CA71C30048CE7C /* SPLAppDelegate.m */ = {isa = PBXFileReference; lastKnownFileType = sourcecode.c.objc; path = SPLAppDelegate.m; sourceTree = "<group>"; };
		EA68B45A18CA71C30048CE7C /* Images.xcassets */ = {isa = PBXFileReference; lastKnownFileType = folder.assetcatalog; path = Images.xcassets; sourceTree = "<group>"; };
		EA68B46018CA71C30048CE7C /* SnowpoolTests.xctest */ = {isa = PBXFileReference; explicitFileType = wrapper.cfbundle; includeInIndex = 0; path = SnowpoolTests.xctest; sourceTree = BUILT_PRODUCTS_DIR; };
		EA68B46118CA71C30048CE7C /* XCTest.framework */ = {isa = PBXFileReference; lastKnownFileType = wrapper.framework; name = XCTest.framework; path = Library/Frameworks/XCTest.framework; sourceTree = DEVELOPER_DIR; };
		EA68B46918CA71C30048CE7C /* SnowpoolTests-Info.plist */ = {isa = PBXFileReference; lastKnownFileType = text.plist.xml; path = "SnowpoolTests-Info.plist"; sourceTree = "<group>"; };
		EA68B46B18CA71C30048CE7C /* en */ = {isa = PBXFileReference; lastKnownFileType = text.plist.strings; name = en; path = en.lproj/InfoPlist.strings; sourceTree = "<group>"; };
		EA68B46D18CA71C30048CE7C /* SnowpoolTests.m */ = {isa = PBXFileReference; lastKnownFileType = sourcecode.c.objc; path = SnowpoolTests.m; sourceTree = "<group>"; };
		EA68B47C18CA7A5B0048CE7C /* MainStoryboard.storyboard */ = {isa = PBXFileReference; fileEncoding = 4; lastKnownFileType = file.storyboard; path = MainStoryboard.storyboard; sourceTree = "<group>"; };
		EA68B47E18CA7ACB0048CE7C /* SPLDashboardViewController.h */ = {isa = PBXFileReference; fileEncoding = 4; lastKnownFileType = sourcecode.c.h; path = SPLDashboardViewController.h; sourceTree = "<group>"; };
		EA68B47F18CA7ACB0048CE7C /* SPLDashboardViewController.m */ = {isa = PBXFileReference; fileEncoding = 4; lastKnownFileType = sourcecode.c.objc; path = SPLDashboardViewController.m; sourceTree = "<group>"; };
		EA68B48418CA844D0048CE7C /* SPLCarpoolViewController.h */ = {isa = PBXFileReference; fileEncoding = 4; lastKnownFileType = sourcecode.c.h; path = SPLCarpoolViewController.h; sourceTree = "<group>"; };
		EA68B48518CA844D0048CE7C /* SPLCarpoolViewController.m */ = {isa = PBXFileReference; fileEncoding = 4; lastKnownFileType = sourcecode.c.objc; path = SPLCarpoolViewController.m; sourceTree = "<group>"; };
		EA68B48718CA88D00048CE7C /* SPLSendMessageViewController.h */ = {isa = PBXFileReference; fileEncoding = 4; lastKnownFileType = sourcecode.c.h; path = SPLSendMessageViewController.h; sourceTree = "<group>"; };
		EA68B48818CA88D00048CE7C /* SPLSendMessageViewController.m */ = {isa = PBXFileReference; fileEncoding = 4; lastKnownFileType = sourcecode.c.objc; path = SPLSendMessageViewController.m; sourceTree = "<group>"; };
		EA68B48A18CAAC5C0048CE7C /* SPLConstants.h */ = {isa = PBXFileReference; lastKnownFileType = sourcecode.c.h; path = SPLConstants.h; sourceTree = "<group>"; };
		EA68B49018CAAEBA0048CE7C /* SPLUserDefaults.h */ = {isa = PBXFileReference; fileEncoding = 4; lastKnownFileType = sourcecode.c.h; path = SPLUserDefaults.h; sourceTree = "<group>"; };
		EA68B49118CAAEBA0048CE7C /* SPLUserDefaults.m */ = {isa = PBXFileReference; fileEncoding = 4; lastKnownFileType = sourcecode.c.objc; path = SPLUserDefaults.m; sourceTree = "<group>"; };
		EA68B49318CAEFC90048CE7C /* SPLSignInViewController.h */ = {isa = PBXFileReference; fileEncoding = 4; lastKnownFileType = sourcecode.c.h; path = SPLSignInViewController.h; sourceTree = "<group>"; };
		EA68B49418CAEFC90048CE7C /* SPLSignInViewController.m */ = {isa = PBXFileReference; fileEncoding = 4; lastKnownFileType = sourcecode.c.objc; path = SPLSignInViewController.m; sourceTree = "<group>"; };
		EA68B49618CAF2C10048CE7C /* SPLRoundedButton.h */ = {isa = PBXFileReference; fileEncoding = 4; lastKnownFileType = sourcecode.c.h; path = SPLRoundedButton.h; sourceTree = "<group>"; };
		EA68B49718CAF2C10048CE7C /* SPLRoundedButton.m */ = {isa = PBXFileReference; fileEncoding = 4; lastKnownFileType = sourcecode.c.objc; path = SPLRoundedButton.m; sourceTree = "<group>"; };
		EA68B49A18CB0FE80048CE7C /* RSSecrets.h */ = {isa = PBXFileReference; fileEncoding = 4; lastKnownFileType = sourcecode.c.h; path = RSSecrets.h; sourceTree = "<group>"; };
		EA68B49B18CB0FE80048CE7C /* RSSecrets.m */ = {isa = PBXFileReference; fileEncoding = 4; lastKnownFileType = sourcecode.c.objc; path = RSSecrets.m; sourceTree = "<group>"; };
		EA68B49D18CB11BF0048CE7C /* SPLUser.h */ = {isa = PBXFileReference; fileEncoding = 4; lastKnownFileType = sourcecode.c.h; path = SPLUser.h; sourceTree = "<group>"; };
		EA68B49E18CB11BF0048CE7C /* SPLUser.m */ = {isa = PBXFileReference; fileEncoding = 4; lastKnownFileType = sourcecode.c.objc; path = SPLUser.m; sourceTree = "<group>"; };
		EA68B4A018CB14560048CE7C /* SPLAddCarpoolViewController.h */ = {isa = PBXFileReference; fileEncoding = 4; lastKnownFileType = sourcecode.c.h; path = SPLAddCarpoolViewController.h; sourceTree = "<group>"; };
		EA68B4A118CB14560048CE7C /* SPLAddCarpoolViewController.m */ = {isa = PBXFileReference; fileEncoding = 4; lastKnownFileType = sourcecode.c.objc; path = SPLAddCarpoolViewController.m; sourceTree = "<group>"; };
		EA68B4EB18CBCE310048CE7C /* SPLCarpoolService.h */ = {isa = PBXFileReference; fileEncoding = 4; lastKnownFileType = sourcecode.c.h; path = SPLCarpoolService.h; sourceTree = "<group>"; };
		EA68B4EC18CBCE310048CE7C /* SPLCarpoolService.m */ = {isa = PBXFileReference; fileEncoding = 4; lastKnownFileType = sourcecode.c.objc; path = SPLCarpoolService.m; sourceTree = "<group>"; };
		EA68B4EE18CBCE460048CE7C /* SPLAuthService.h */ = {isa = PBXFileReference; fileEncoding = 4; lastKnownFileType = sourcecode.c.h; path = SPLAuthService.h; sourceTree = "<group>"; };
		EA68B4EF18CBCE460048CE7C /* SPLAuthService.m */ = {isa = PBXFileReference; fileEncoding = 4; lastKnownFileType = sourcecode.c.objc; path = SPLAuthService.m; sourceTree = "<group>"; };
		EA68B4F118CBD0630048CE7C /* SPLCarpool.h */ = {isa = PBXFileReference; fileEncoding = 4; lastKnownFileType = sourcecode.c.h; path = SPLCarpool.h; sourceTree = "<group>"; };
		EA68B4F218CBD0630048CE7C /* SPLCarpool.m */ = {isa = PBXFileReference; fileEncoding = 4; lastKnownFileType = sourcecode.c.objc; path = SPLCarpool.m; sourceTree = "<group>"; };
		EA7ECAF4190EF90E0009D725 /* SPLAnalytics.h */ = {isa = PBXFileReference; fileEncoding = 4; lastKnownFileType = sourcecode.c.h; path = SPLAnalytics.h; sourceTree = "<group>"; };
		EA7ECAF5190EF90E0009D725 /* SPLAnalytics.m */ = {isa = PBXFileReference; fileEncoding = 4; lastKnownFileType = sourcecode.c.objc; path = SPLAnalytics.m; sourceTree = "<group>"; };
/* End PBXFileReference section */

/* Begin PBXFrameworksBuildPhase section */
		EA68B44218CA71C30048CE7C /* Frameworks */ = {
			isa = PBXFrameworksBuildPhase;
			buildActionMask = 2147483647;
			files = (
				EA68B44B18CA71C30048CE7C /* CoreGraphics.framework in Frameworks */,
				EA68B44D18CA71C30048CE7C /* UIKit.framework in Frameworks */,
				EA68B44918CA71C30048CE7C /* Foundation.framework in Frameworks */,
				62AE763519384A4694EE3A00 /* libPods.a in Frameworks */,
			);
			runOnlyForDeploymentPostprocessing = 0;
		};
		EA68B45D18CA71C30048CE7C /* Frameworks */ = {
			isa = PBXFrameworksBuildPhase;
			buildActionMask = 2147483647;
			files = (
				EA68B46218CA71C30048CE7C /* XCTest.framework in Frameworks */,
				EA68B46418CA71C30048CE7C /* UIKit.framework in Frameworks */,
				EA68B46318CA71C30048CE7C /* Foundation.framework in Frameworks */,
			);
			runOnlyForDeploymentPostprocessing = 0;
		};
/* End PBXFrameworksBuildPhase section */

/* Begin PBXGroup section */
		EA68B43C18CA71C30048CE7C = {
			isa = PBXGroup;
			children = (
				EA68B44E18CA71C30048CE7C /* Snowpool */,
				EA68B46718CA71C30048CE7C /* SnowpoolTests */,
				EA68B44718CA71C30048CE7C /* Frameworks */,
				EA68B44618CA71C30048CE7C /* Products */,
				3221251ADB0E4812974ACEAA /* Pods.xcconfig */,
			);
			sourceTree = "<group>";
		};
		EA68B44618CA71C30048CE7C /* Products */ = {
			isa = PBXGroup;
			children = (
				EA68B44518CA71C30048CE7C /* Snowpool.app */,
				EA68B46018CA71C30048CE7C /* SnowpoolTests.xctest */,
			);
			name = Products;
			sourceTree = "<group>";
		};
		EA68B44718CA71C30048CE7C /* Frameworks */ = {
			isa = PBXGroup;
			children = (
				EA68B44818CA71C30048CE7C /* Foundation.framework */,
				EA68B44A18CA71C30048CE7C /* CoreGraphics.framework */,
				EA68B44C18CA71C30048CE7C /* UIKit.framework */,
				EA68B46118CA71C30048CE7C /* XCTest.framework */,
				62C4D3A5D13A469684354E4F /* libPods.a */,
			);
			name = Frameworks;
			sourceTree = "<group>";
		};
		EA68B44E18CA71C30048CE7C /* Snowpool */ = {
			isa = PBXGroup;
			children = (
				EA68B4EA18CBCDFA0048CE7C /* API */,
				EA68B48B18CAAE960048CE7C /* Externals */,
				EA68B47718CA79740048CE7C /* Controllers */,
				EA68B47818CA79800048CE7C /* Models */,
				EA68B47918CA79850048CE7C /* Views */,
				EA68B47A18CA79970048CE7C /* Support */,
				EA68B45718CA71C30048CE7C /* SPLAppDelegate.h */,
				EA68B45818CA71C30048CE7C /* SPLAppDelegate.m */,
				EA68B47C18CA7A5B0048CE7C /* MainStoryboard.storyboard */,
				EA68B45A18CA71C30048CE7C /* Images.xcassets */,
				EA68B44F18CA71C30048CE7C /* Supporting Files */,
			);
			path = Snowpool;
			sourceTree = "<group>";
		};
		EA68B44F18CA71C30048CE7C /* Supporting Files */ = {
			isa = PBXGroup;
			children = (
				EA68B45018CA71C30048CE7C /* Snowpool-Info.plist */,
				EA68B45118CA71C30048CE7C /* InfoPlist.strings */,
				EA68B45418CA71C30048CE7C /* main.m */,
				EA68B45618CA71C30048CE7C /* Snowpool-Prefix.pch */,
			);
			name = "Supporting Files";
			sourceTree = "<group>";
		};
		EA68B46718CA71C30048CE7C /* SnowpoolTests */ = {
			isa = PBXGroup;
			children = (
				EA68B46D18CA71C30048CE7C /* SnowpoolTests.m */,
				EA68B46818CA71C30048CE7C /* Supporting Files */,
			);
			path = SnowpoolTests;
			sourceTree = "<group>";
		};
		EA68B46818CA71C30048CE7C /* Supporting Files */ = {
			isa = PBXGroup;
			children = (
				EA68B46918CA71C30048CE7C /* SnowpoolTests-Info.plist */,
				EA68B46A18CA71C30048CE7C /* InfoPlist.strings */,
			);
			name = "Supporting Files";
			sourceTree = "<group>";
		};
		EA68B47718CA79740048CE7C /* Controllers */ = {
			isa = PBXGroup;
			children = (
				EA68B47E18CA7ACB0048CE7C /* SPLDashboardViewController.h */,
				EA68B47F18CA7ACB0048CE7C /* SPLDashboardViewController.m */,
				EA68B48418CA844D0048CE7C /* SPLCarpoolViewController.h */,
				EA68B48518CA844D0048CE7C /* SPLCarpoolViewController.m */,
				EA68B48718CA88D00048CE7C /* SPLSendMessageViewController.h */,
				EA68B48818CA88D00048CE7C /* SPLSendMessageViewController.m */,
				6BE7A9AB18CAA10E008D49C9 /* SPLSelectCountryViewController.h */,
				6BE7A9AC18CAA10E008D49C9 /* SPLSelectCountryViewController.m */,
				EA68B49318CAEFC90048CE7C /* SPLSignInViewController.h */,
				EA68B49418CAEFC90048CE7C /* SPLSignInViewController.m */,
				6BE7A9AE18CAF84D008D49C9 /* SPLSettingsViewController.h */,
				6BE7A9AF18CAF84D008D49C9 /* SPLSettingsViewController.m */,
				EA68B4A018CB14560048CE7C /* SPLAddCarpoolViewController.h */,
				EA68B4A118CB14560048CE7C /* SPLAddCarpoolViewController.m */,
				6BE9571818EF5C52003D9B7A /* SPLSpacesFreeViewController.h */,
				6BE9571918EF5C52003D9B7A /* SPLSpacesFreeViewController.m */,
				6BE9571B18EF7DF5003D9B7A /* SPLSelectDateViewController.h */,
				6BE9571C18EF7DF5003D9B7A /* SPLSelectDateViewController.m */,
				6BC3BC8818EFA7E5005806A4 /* SPLSelectFieldViewController.h */,
				6BC3BC8918EFA7E5005806A4 /* SPLSelectFieldViewController.m */,
			);
			path = Controllers;
			sourceTree = "<group>";
		};
		EA68B47818CA79800048CE7C /* Models */ = {
			isa = PBXGroup;
			children = (
				6BE7A9B118CB0105008D49C9 /* SPLCountry.h */,
				6BE7A9B218CB0105008D49C9 /* SPLCountry.m */,
				6BE7A9B418CBC247008D49C9 /* SPLSkiField.h */,
				6BE7A9B518CBC247008D49C9 /* SPLSkiField.m */,
				EA68B49D18CB11BF0048CE7C /* SPLUser.h */,
				EA68B49E18CB11BF0048CE7C /* SPLUser.m */,
				EA68B4F118CBD0630048CE7C /* SPLCarpool.h */,
				EA68B4F218CBD0630048CE7C /* SPLCarpool.m */,
			);
			path = Models;
			sourceTree = "<group>";
		};
		EA68B47918CA79850048CE7C /* Views */ = {
			isa = PBXGroup;
			children = (
				EA68B49618CAF2C10048CE7C /* SPLRoundedButton.h */,
				EA68B49718CAF2C10048CE7C /* SPLRoundedButton.m */,
				22C0D43618D3FA7D00A21A5C /* SPLModalNavigationBar.h */,
				22C0D43718D3FA7D00A21A5C /* SPLModalNavigationBar.m */,
				22C0D43918D3FD5100A21A5C /* SPLModalNavigationController.h */,
				22C0D43A18D3FD5100A21A5C /* SPLModalNavigationController.m */,
				22C0D43C18D3FDE800A21A5C /* SPLNavigationController.h */,
				22C0D43D18D3FDE800A21A5C /* SPLNavigationController.m */,
				22C0D43F18D53AD800A21A5C /* SPLTableSectionHeaderView.h */,
				22C0D44018D53AD800A21A5C /* SPLTableSectionHeaderView.m */,
			);
			path = Views;
			sourceTree = "<group>";
		};
		EA68B47A18CA79970048CE7C /* Support */ = {
			isa = PBXGroup;
			children = (
				EA68B48A18CAAC5C0048CE7C /* SPLConstants.h */,
				EA68B49018CAAEBA0048CE7C /* SPLUserDefaults.h */,
				EA68B49118CAAEBA0048CE7C /* SPLUserDefaults.m */,
				22E2153118D3E1E4007C7999 /* SPLAppearance.h */,
				22E2153218D3E1E4007C7999 /* SPLAppearance.m */,
				22E2153418D3E385007C7999 /* UIButton+Appearance.h */,
				22E2153518D3E385007C7999 /* UIButton+Appearance.m */,
				22C0D44218D53DE300A21A5C /* UILabel+Appearance.h */,
				22C0D44318D53DE300A21A5C /* UILabel+Appearance.m */,
				6BF916401901BDFA001635F2 /* NSDictionary+NullValues.h */,
				6BF916411901BDFA001635F2 /* NSDictionary+NullValues.m */,
				EA7ECAF4190EF90E0009D725 /* SPLAnalytics.h */,
				EA7ECAF5190EF90E0009D725 /* SPLAnalytics.m */,
			);
			path = Support;
			sourceTree = "<group>";
		};
		EA68B48B18CAAE960048CE7C /* Externals */ = {
			isa = PBXGroup;
			children = (
				EA68B49918CB0FE80048CE7C /* RSSecrets */,
			);
			path = Externals;
			sourceTree = SOURCE_ROOT;
		};
		EA68B49918CB0FE80048CE7C /* RSSecrets */ = {
			isa = PBXGroup;
			children = (
				EA68B49A18CB0FE80048CE7C /* RSSecrets.h */,
				EA68B49B18CB0FE80048CE7C /* RSSecrets.m */,
			);
			path = RSSecrets;
			sourceTree = "<group>";
		};
		EA68B4EA18CBCDFA0048CE7C /* API */ = {
			isa = PBXGroup;
			children = (
				EA68B4EB18CBCE310048CE7C /* SPLCarpoolService.h */,
				EA68B4EC18CBCE310048CE7C /* SPLCarpoolService.m */,
				EA68B4EE18CBCE460048CE7C /* SPLAuthService.h */,
				EA68B4EF18CBCE460048CE7C /* SPLAuthService.m */,
			);
			path = API;
			sourceTree = "<group>";
		};
/* End PBXGroup section */

/* Begin PBXNativeTarget section */
		EA68B44418CA71C30048CE7C /* Snowpool */ = {
			isa = PBXNativeTarget;
			buildConfigurationList = EA68B47118CA71C30048CE7C /* Build configuration list for PBXNativeTarget "Snowpool" */;
			buildPhases = (
				C6542CC115A54C1DBD085037 /* Check Pods Manifest.lock */,
				EA68B44118CA71C30048CE7C /* Sources */,
				EA68B44218CA71C30048CE7C /* Frameworks */,
				EA68B44318CA71C30048CE7C /* Resources */,
				7120FEB6D2274098BE1D5BD5 /* Copy Pods Resources */,
			);
			buildRules = (
			);
			dependencies = (
			);
			name = Snowpool;
			productName = Snowpool;
			productReference = EA68B44518CA71C30048CE7C /* Snowpool.app */;
			productType = "com.apple.product-type.application";
		};
		EA68B45F18CA71C30048CE7C /* SnowpoolTests */ = {
			isa = PBXNativeTarget;
			buildConfigurationList = EA68B47418CA71C30048CE7C /* Build configuration list for PBXNativeTarget "SnowpoolTests" */;
			buildPhases = (
				EA68B45C18CA71C30048CE7C /* Sources */,
				EA68B45D18CA71C30048CE7C /* Frameworks */,
				EA68B45E18CA71C30048CE7C /* Resources */,
			);
			buildRules = (
			);
			dependencies = (
				EA68B46618CA71C30048CE7C /* PBXTargetDependency */,
			);
			name = SnowpoolTests;
			productName = SnowpoolTests;
			productReference = EA68B46018CA71C30048CE7C /* SnowpoolTests.xctest */;
			productType = "com.apple.product-type.bundle.unit-test";
		};
/* End PBXNativeTarget section */

/* Begin PBXProject section */
		EA68B43D18CA71C30048CE7C /* Project object */ = {
			isa = PBXProject;
			attributes = {
				CLASSPREFIX = SPL;
				LastUpgradeCheck = 0510;
				ORGANIZATIONNAME = "Snowpool Limited";
				TargetAttributes = {
					EA68B44418CA71C30048CE7C = {
						DevelopmentTeam = FUMH6A7DSV;
					};
					EA68B45F18CA71C30048CE7C = {
						TestTargetID = EA68B44418CA71C30048CE7C;
					};
				};
			};
			buildConfigurationList = EA68B44018CA71C30048CE7C /* Build configuration list for PBXProject "Snowpool" */;
			compatibilityVersion = "Xcode 3.2";
			developmentRegion = English;
			hasScannedForEncodings = 0;
			knownRegions = (
				en,
			);
			mainGroup = EA68B43C18CA71C30048CE7C;
			productRefGroup = EA68B44618CA71C30048CE7C /* Products */;
			projectDirPath = "";
			projectRoot = "";
			targets = (
				EA68B44418CA71C30048CE7C /* Snowpool */,
				EA68B45F18CA71C30048CE7C /* SnowpoolTests */,
			);
		};
/* End PBXProject section */

/* Begin PBXResourcesBuildPhase section */
		EA68B44318CA71C30048CE7C /* Resources */ = {
			isa = PBXResourcesBuildPhase;
			buildActionMask = 2147483647;
			files = (
				EA68B47D18CA7A5B0048CE7C /* MainStoryboard.storyboard in Resources */,
				EA68B45318CA71C30048CE7C /* InfoPlist.strings in Resources */,
				EA68B45B18CA71C30048CE7C /* Images.xcassets in Resources */,
			);
			runOnlyForDeploymentPostprocessing = 0;
		};
		EA68B45E18CA71C30048CE7C /* Resources */ = {
			isa = PBXResourcesBuildPhase;
			buildActionMask = 2147483647;
			files = (
				EA68B46C18CA71C30048CE7C /* InfoPlist.strings in Resources */,
			);
			runOnlyForDeploymentPostprocessing = 0;
		};
/* End PBXResourcesBuildPhase section */

/* Begin PBXShellScriptBuildPhase section */
		7120FEB6D2274098BE1D5BD5 /* Copy Pods Resources */ = {
			isa = PBXShellScriptBuildPhase;
			buildActionMask = 2147483647;
			files = (
			);
			inputPaths = (
			);
			name = "Copy Pods Resources";
			outputPaths = (
			);
			runOnlyForDeploymentPostprocessing = 0;
			shellPath = /bin/sh;
			shellScript = "\"${SRCROOT}/Pods/Pods-resources.sh\"\n";
			showEnvVarsInLog = 0;
		};
		C6542CC115A54C1DBD085037 /* Check Pods Manifest.lock */ = {
			isa = PBXShellScriptBuildPhase;
			buildActionMask = 2147483647;
			files = (
			);
			inputPaths = (
			);
			name = "Check Pods Manifest.lock";
			outputPaths = (
			);
			runOnlyForDeploymentPostprocessing = 0;
			shellPath = /bin/sh;
			shellScript = "diff \"${PODS_ROOT}/../Podfile.lock\" \"${PODS_ROOT}/Manifest.lock\" > /dev/null\nif [[ $? != 0 ]] ; then\n    cat << EOM\nerror: The sandbox is not in sync with the Podfile.lock. Run 'pod install' or update your CocoaPods installation.\nEOM\n    exit 1\nfi\n";
			showEnvVarsInLog = 0;
		};
/* End PBXShellScriptBuildPhase section */

/* Begin PBXSourcesBuildPhase section */
		EA68B44118CA71C30048CE7C /* Sources */ = {
			isa = PBXSourcesBuildPhase;
			buildActionMask = 2147483647;
			files = (
				EA68B45918CA71C30048CE7C /* SPLAppDelegate.m in Sources */,
				22C0D43E18D3FDE800A21A5C /* SPLNavigationController.m in Sources */,
				EA68B48018CA7ACB0048CE7C /* SPLDashboardViewController.m in Sources */,
				22C0D43818D3FA7D00A21A5C /* SPLModalNavigationBar.m in Sources */,
				EA68B49218CAAEBA0048CE7C /* SPLUserDefaults.m in Sources */,
				6BE9571A18EF5C52003D9B7A /* SPLSpacesFreeViewController.m in Sources */,
				EA68B49C18CB0FE80048CE7C /* RSSecrets.m in Sources */,
				6BE9571D18EF7DF5003D9B7A /* SPLSelectDateViewController.m in Sources */,
				6BE7A9AD18CAA10E008D49C9 /* SPLSelectCountryViewController.m in Sources */,
				6BE7A9B018CAF84D008D49C9 /* SPLSettingsViewController.m in Sources */,
				EA68B49818CAF2C10048CE7C /* SPLRoundedButton.m in Sources */,
				EA68B4A218CB14560048CE7C /* SPLAddCarpoolViewController.m in Sources */,
				6BE7A9B618CBC247008D49C9 /* SPLSkiField.m in Sources */,
				22C0D44418D53DE300A21A5C /* UILabel+Appearance.m in Sources */,
				EA68B4F018CBCE460048CE7C /* SPLAuthService.m in Sources */,
				6BC3BC8A18EFA7E5005806A4 /* SPLSelectFieldViewController.m in Sources */,
				EA7ECAF6190EF90E0009D725 /* SPLAnalytics.m in Sources */,
				EA68B4ED18CBCE310048CE7C /* SPLCarpoolService.m in Sources */,
				EA68B4F318CBD0630048CE7C /* SPLCarpool.m in Sources */,
				EA68B49F18CB11BF0048CE7C /* SPLUser.m in Sources */,
				22E2153618D3E385007C7999 /* UIButton+Appearance.m in Sources */,
				EA68B45518CA71C30048CE7C /* main.m in Sources */,
				EA68B49518CAEFC90048CE7C /* SPLSignInViewController.m in Sources */,
				EA68B48918CA88D00048CE7C /* SPLSendMessageViewController.m in Sources */,
				6BE7A9B318CB0105008D49C9 /* SPLCountry.m in Sources */,
				6BF916421901BDFA001635F2 /* NSDictionary+NullValues.m in Sources */,
				22C0D43B18D3FD5100A21A5C /* SPLModalNavigationController.m in Sources */,
				EA68B48618CA844D0048CE7C /* SPLCarpoolViewController.m in Sources */,
				22C0D44118D53AD800A21A5C /* SPLTableSectionHeaderView.m in Sources */,
				22E2153318D3E1E4007C7999 /* SPLAppearance.m in Sources */,
			);
			runOnlyForDeploymentPostprocessing = 0;
		};
		EA68B45C18CA71C30048CE7C /* Sources */ = {
			isa = PBXSourcesBuildPhase;
			buildActionMask = 2147483647;
			files = (
				EA68B46E18CA71C30048CE7C /* SnowpoolTests.m in Sources */,
			);
			runOnlyForDeploymentPostprocessing = 0;
		};
/* End PBXSourcesBuildPhase section */

/* Begin PBXTargetDependency section */
		EA68B46618CA71C30048CE7C /* PBXTargetDependency */ = {
			isa = PBXTargetDependency;
			target = EA68B44418CA71C30048CE7C /* Snowpool */;
			targetProxy = EA68B46518CA71C30048CE7C /* PBXContainerItemProxy */;
		};
/* End PBXTargetDependency section */

/* Begin PBXVariantGroup section */
		EA68B45118CA71C30048CE7C /* InfoPlist.strings */ = {
			isa = PBXVariantGroup;
			children = (
				EA68B45218CA71C30048CE7C /* en */,
			);
			name = InfoPlist.strings;
			sourceTree = "<group>";
		};
		EA68B46A18CA71C30048CE7C /* InfoPlist.strings */ = {
			isa = PBXVariantGroup;
			children = (
				EA68B46B18CA71C30048CE7C /* en */,
			);
			name = InfoPlist.strings;
			sourceTree = "<group>";
		};
/* End PBXVariantGroup section */

/* Begin XCBuildConfiguration section */
		EA68B46F18CA71C30048CE7C /* Debug */ = {
			isa = XCBuildConfiguration;
			buildSettings = {
				ALWAYS_SEARCH_USER_PATHS = NO;
				CLANG_CXX_LANGUAGE_STANDARD = "gnu++0x";
				CLANG_CXX_LIBRARY = "libc++";
				CLANG_ENABLE_MODULES = YES;
				CLANG_ENABLE_OBJC_ARC = YES;
				CLANG_WARN_BOOL_CONVERSION = YES;
				CLANG_WARN_CONSTANT_CONVERSION = YES;
				CLANG_WARN_DIRECT_OBJC_ISA_USAGE = YES_ERROR;
				CLANG_WARN_EMPTY_BODY = YES;
				CLANG_WARN_ENUM_CONVERSION = YES;
				CLANG_WARN_INT_CONVERSION = YES;
				CLANG_WARN_OBJC_ROOT_CLASS = YES_ERROR;
				CLANG_WARN__DUPLICATE_METHOD_MATCH = YES;
				"CODE_SIGN_IDENTITY[sdk=iphoneos*]" = "iPhone Developer";
				COPY_PHASE_STRIP = NO;
				GCC_C_LANGUAGE_STANDARD = gnu99;
				GCC_DYNAMIC_NO_PIC = NO;
				GCC_OPTIMIZATION_LEVEL = 0;
				GCC_PREPROCESSOR_DEFINITIONS = (
					"DEBUG=1",
					"$(inherited)",
				);
				GCC_SYMBOLS_PRIVATE_EXTERN = NO;
				GCC_WARN_64_TO_32_BIT_CONVERSION = YES;
				GCC_WARN_ABOUT_RETURN_TYPE = YES_ERROR;
				GCC_WARN_UNDECLARED_SELECTOR = YES;
				GCC_WARN_UNINITIALIZED_AUTOS = YES;
				GCC_WARN_UNUSED_FUNCTION = YES;
				GCC_WARN_UNUSED_VARIABLE = YES;
				IPHONEOS_DEPLOYMENT_TARGET = 7.0;
				ONLY_ACTIVE_ARCH = YES;
				SDKROOT = iphoneos;
			};
			name = Debug;
		};
		EA68B47018CA71C30048CE7C /* Release */ = {
			isa = XCBuildConfiguration;
			buildSettings = {
				ALWAYS_SEARCH_USER_PATHS = NO;
				CLANG_CXX_LANGUAGE_STANDARD = "gnu++0x";
				CLANG_CXX_LIBRARY = "libc++";
				CLANG_ENABLE_MODULES = YES;
				CLANG_ENABLE_OBJC_ARC = YES;
				CLANG_WARN_BOOL_CONVERSION = YES;
				CLANG_WARN_CONSTANT_CONVERSION = YES;
				CLANG_WARN_DIRECT_OBJC_ISA_USAGE = YES_ERROR;
				CLANG_WARN_EMPTY_BODY = YES;
				CLANG_WARN_ENUM_CONVERSION = YES;
				CLANG_WARN_INT_CONVERSION = YES;
				CLANG_WARN_OBJC_ROOT_CLASS = YES_ERROR;
				CLANG_WARN__DUPLICATE_METHOD_MATCH = YES;
				"CODE_SIGN_IDENTITY[sdk=iphoneos*]" = "iPhone Developer";
				COPY_PHASE_STRIP = YES;
				ENABLE_NS_ASSERTIONS = NO;
				GCC_C_LANGUAGE_STANDARD = gnu99;
				GCC_WARN_64_TO_32_BIT_CONVERSION = YES;
				GCC_WARN_ABOUT_RETURN_TYPE = YES_ERROR;
				GCC_WARN_UNDECLARED_SELECTOR = YES;
				GCC_WARN_UNINITIALIZED_AUTOS = YES;
				GCC_WARN_UNUSED_FUNCTION = YES;
				GCC_WARN_UNUSED_VARIABLE = YES;
				IPHONEOS_DEPLOYMENT_TARGET = 7.0;
				SDKROOT = iphoneos;
				VALIDATE_PRODUCT = YES;
			};
			name = Release;
		};
		EA68B47218CA71C30048CE7C /* Debug */ = {
			isa = XCBuildConfiguration;
			baseConfigurationReference = 3221251ADB0E4812974ACEAA /* Pods.xcconfig */;
			buildSettings = {
				ASSETCATALOG_COMPILER_APPICON_NAME = AppIcon;
				ASSETCATALOG_COMPILER_LAUNCHIMAGE_NAME = LaunchImage;
				CODE_SIGN_IDENTITY = "iPhone Developer";
				GCC_PRECOMPILE_PREFIX_HEADER = YES;
				GCC_PREFIX_HEADER = "Snowpool/Snowpool-Prefix.pch";
				INFOPLIST_FILE = "Snowpool/Snowpool-Info.plist";
				PRODUCT_NAME = "$(TARGET_NAME)";
				WRAPPER_EXTENSION = app;
			};
			name = Debug;
		};
		EA68B47318CA71C30048CE7C /* Release */ = {
			isa = XCBuildConfiguration;
			baseConfigurationReference = 3221251ADB0E4812974ACEAA /* Pods.xcconfig */;
			buildSettings = {
				ASSETCATALOG_COMPILER_APPICON_NAME = AppIcon;
				ASSETCATALOG_COMPILER_LAUNCHIMAGE_NAME = LaunchImage;
				CODE_SIGN_IDENTITY = "iPhone Developer";
				GCC_PRECOMPILE_PREFIX_HEADER = YES;
				GCC_PREFIX_HEADER = "Snowpool/Snowpool-Prefix.pch";
				INFOPLIST_FILE = "Snowpool/Snowpool-Info.plist";
				PRODUCT_NAME = "$(TARGET_NAME)";
				WRAPPER_EXTENSION = app;
			};
			name = Release;
		};
		EA68B47518CA71C30048CE7C /* Debug */ = {
			isa = XCBuildConfiguration;
			buildSettings = {
				BUNDLE_LOADER = "$(BUILT_PRODUCTS_DIR)/Snowpool.app/Snowpool";
				FRAMEWORK_SEARCH_PATHS = (
					"$(SDKROOT)/Developer/Library/Frameworks",
					"$(inherited)",
					"$(DEVELOPER_FRAMEWORKS_DIR)",
				);
				GCC_PRECOMPILE_PREFIX_HEADER = YES;
				GCC_PREFIX_HEADER = "Snowpool/Snowpool-Prefix.pch";
				GCC_PREPROCESSOR_DEFINITIONS = (
					"DEBUG=1",
					"$(inherited)",
				);
				INFOPLIST_FILE = "SnowpoolTests/SnowpoolTests-Info.plist";
				PRODUCT_NAME = "$(TARGET_NAME)";
				TEST_HOST = "$(BUNDLE_LOADER)";
				WRAPPER_EXTENSION = xctest;
			};
			name = Debug;
		};
		EA68B47618CA71C30048CE7C /* Release */ = {
			isa = XCBuildConfiguration;
			buildSettings = {
				BUNDLE_LOADER = "$(BUILT_PRODUCTS_DIR)/Snowpool.app/Snowpool";
				FRAMEWORK_SEARCH_PATHS = (
					"$(SDKROOT)/Developer/Library/Frameworks",
					"$(inherited)",
					"$(DEVELOPER_FRAMEWORKS_DIR)",
				);
				GCC_PRECOMPILE_PREFIX_HEADER = YES;
				GCC_PREFIX_HEADER = "Snowpool/Snowpool-Prefix.pch";
				INFOPLIST_FILE = "SnowpoolTests/SnowpoolTests-Info.plist";
				PRODUCT_NAME = "$(TARGET_NAME)";
				TEST_HOST = "$(BUNDLE_LOADER)";
				WRAPPER_EXTENSION = xctest;
			};
			name = Release;
		};
/* End XCBuildConfiguration section */

/* Begin XCConfigurationList section */
		EA68B44018CA71C30048CE7C /* Build configuration list for PBXProject "Snowpool" */ = {
			isa = XCConfigurationList;
			buildConfigurations = (
				EA68B46F18CA71C30048CE7C /* Debug */,
				EA68B47018CA71C30048CE7C /* Release */,
			);
			defaultConfigurationIsVisible = 0;
			defaultConfigurationName = Release;
		};
		EA68B47118CA71C30048CE7C /* Build configuration list for PBXNativeTarget "Snowpool" */ = {
			isa = XCConfigurationList;
			buildConfigurations = (
				EA68B47218CA71C30048CE7C /* Debug */,
				EA68B47318CA71C30048CE7C /* Release */,
			);
			defaultConfigurationIsVisible = 0;
			defaultConfigurationName = Release;
		};
		EA68B47418CA71C30048CE7C /* Build configuration list for PBXNativeTarget "SnowpoolTests" */ = {
			isa = XCConfigurationList;
			buildConfigurations = (
				EA68B47518CA71C30048CE7C /* Debug */,
				EA68B47618CA71C30048CE7C /* Release */,
			);
			defaultConfigurationIsVisible = 0;
			defaultConfigurationName = Release;
		};
/* End XCConfigurationList section */
	};
	rootObject = EA68B43D18CA71C30048CE7C /* Project object */;
}
